payload:
  - AND,((DOMAIN-SUFFIX,biliapi.net),(DOMAIN-KEYWORD,pcdn))
  - DOMAIN-KEYWORD,analysis
  - DOMAIN-KEYWORD,applog-hl.fqnovel.com
  - DOMAIN-KEYWORD,googleads
  - DOMAIN-KEYWORD,omgmtaw
  - DOMAIN-KEYWORD,usage
  - DOMAIN-REGEX,.*-default\.ixigua\.com
  - DOMAIN-REGEX,.*novelapp\.ixigua\.com
  - DOMAIN-REGEX,ads.*-normal.*\.zijieapi\.com
  - DOMAIN-REGEX,p*-ad-sign\.byteimg\.com
  - DOMAIN-SUFFIX,1vag.com
  - DOMAIN-SUFFIX,account.sogou.com
  - DOMAIN-SUFFIX,activate.wip3.adobe.com
  - DOMAIN-SUFFIX,ad-channel.wikawika.xyz
  - DOMAIN-SUFFIX,ad-display.wikawika.xyz
  - DOMAIN-SUFFIX,ad.duapps.com
  - DOMAIN-SUFFIX,ad.unimhk.com
  - DOMAIN-SUFFIX,adapi.shouji.360.cn
  - DOMAIN-SUFFIX,adash-c.m.taobao.com
  - DOMAIN-SUFFIX,adash-emas.cn-hangzhou.aliyuncs.com
  - DOMAIN-SUFFIX,adm.leju.sina.com.cn
  - DOMAIN-SUFFIX,admarvel.com
  - DOMAIN-SUFFIX,ads-api.videojj.com
  - DOMAIN-SUFFIX,ads.bssdl.kugou.com
  - DOMAIN-SUFFIX,ads.linkedin.com
  - DOMAIN-SUFFIX,ads.yahoo.com
  - DOMAIN-SUFFIX,ads5-normal-hl.zijieapi.com
  - DOMAIN-SUFFIX,adsame.com
  - DOMAIN-SUFFIX,adserver.unityads.unity3d.com
  - DOMAIN-SUFFIX,adserver.yahoo.com
  - DOMAIN-SUFFIX,adservice.com
  - DOMAIN-SUFFIX,adservice.google.com
  - DOMAIN-SUFFIX,adsfile.bssdlbig.kugou.com
  - DOMAIN-SUFFIX,adsmogo.com
  - DOMAIN-SUFFIX,adsmogo.org
  - DOMAIN-SUFFIX,adss.yahoo.com
  - DOMAIN-SUFFIX,adstream.123.sogoucdn.com
  - DOMAIN-SUFFIX,adtrace.online
  - DOMAIN-SUFFIX,al.autohome.com.cn
  - DOMAIN-SUFFIX,aliunion.cn.yahoo.com
  - DOMAIN-SUFFIX,alog.umeng.com
  - DOMAIN-SUFFIX,alookweb.com
  - DOMAIN-SUFFIX,alot4you.tech
  - DOMAIN-SUFFIX,amdcopen.m.taobao.com
  - DOMAIN-SUFFIX,analytics.query.yahoo.com
  - DOMAIN-SUFFIX,analytics.yahoo.com
  - DOMAIN-SUFFIX,analyze.lemurbrowser.com
  - DOMAIN-SUFFIX,androidgo.duapp.com
  - DOMAIN-SUFFIX,api.cpu.baidu.com
  - DOMAIN-SUFFIX,api.cupid.iqiyi.com
  - DOMAIN-SUFFIX,api.game.letvstore.com
  - DOMAIN-SUFFIX,api.itaoxiaoshuo.com
  - DOMAIN-SUFFIX,api.kingdata.ksyun.com
  - DOMAIN-SUFFIX,api.mobula.sdk.duapps.com
  - DOMAIN-SUFFIX,api.statsig.com
  - DOMAIN-SUFFIX,api.tuisong.baidu.com
  - DOMAIN-SUFFIX,apk.shouji.koowo.com
  - DOMAIN-SUFFIX,applovin.com
  - DOMAIN-SUFFIX,appsflyer.com
  - DOMAIN-SUFFIX,atanx.alicdn.com
  - DOMAIN-SUFFIX,auth.be.sec.miui.com
  - DOMAIN-SUFFIX,b.clkservice.youdao.com
  - DOMAIN-SUFFIX,bat.bing.com
  - DOMAIN-SUFFIX,bdimg.share.baidu.com
  - DOMAIN-SUFFIX,beacon.sina.com.cn
  - DOMAIN-SUFFIX,beacon.tingyun.com
  - DOMAIN-SUFFIX,beap-bc.yahoo.com
  - DOMAIN-SUFFIX,byteorge.com
  - DOMAIN-SUFFIX,c.biz.weibo.com
  - DOMAIN-SUFFIX,c.l.qq.com
  - DOMAIN-SUFFIX,c.wcpt.biz.weibo.com
  - DOMAIN-SUFFIX,canstrm.com
  - DOMAIN-SUFFIX,capndr.com
  - DOMAIN-SUFFIX,ccc.sys.miui.com
  - DOMAIN-SUFFIX,cdn.ynuf.aliapp.org
  - DOMAIN-SUFFIX,cdn.zampdsp.com
  - DOMAIN-SUFFIX,channel.fanxing.kugou.com
  - DOMAIN-SUFFIX,cm.fancyapi.com
  - DOMAIN-SUFFIX,comet.yahoo.com
  - DOMAIN-SUFFIX,config.unityads.unity3d.com
  - DOMAIN-SUFFIX,count.game.pps.tv
  - DOMAIN-SUFFIX,cpull.360.cn
  - DOMAIN-SUFFIX,csi.gstatic.com
  - DOMAIN-SUFFIX,cytron.videojj.com
  - DOMAIN-SUFFIX,cytroncdn.videojj.com
  - DOMAIN-SUFFIX,d.clkservice.youdao.com
  - DOMAIN-SUFFIX,dcw.hdswgc.com
  - DOMAIN-SUFFIX,dd713.bj.bcebos.com
  - DOMAIN-SUFFIX,demdex.net
  - DOMAIN-SUFFIX,dessly.ru
  - DOMAIN-SUFFIX,dev.tg.wan.360.cn
  - DOMAIN-SUFFIX,dl.2345.cn
  - DOMAIN-SUFFIX,domob.cn
  - DOMAIN-SUFFIX,domob.com.cn
  - DOMAIN-SUFFIX,domob.org
  - DOMAIN-SUFFIX,doubleplay-conf-yql.media.yahoo.com
  - DOMAIN-SUFFIX,download.2345.cn
  - DOMAIN-SUFFIX,duiba.com.cn
  - DOMAIN-SUFFIX,duomeng.cn
  - DOMAIN-SUFFIX,e.qq.com
  - DOMAIN-SUFFIX,e.v02u9.cn
  - DOMAIN-SUFFIX,epro.sogou.com
  - DOMAIN-SUFFIX,eq.10jqka.com.cn
  - DOMAIN-SUFFIX,ereg.wip3.adobe.com
  - DOMAIN-SUFFIX,errlogos.umeng.com
  - DOMAIN-SUFFIX,etl-xlmc-ssl.sandai.net
  - DOMAIN-SUFFIX,everesttech.net
  - DOMAIN-SUFFIX,f10.baidu.com
  - DOMAIN-SUFFIX,f7e5bf5ed8.com
  - DOMAIN-SUFFIX,fc-.cdn.bcebos.com
  - DOMAIN-SUFFIX,feed.theta.sogou.com
  - DOMAIN-SUFFIX,flash.sec.miui.com
  - DOMAIN-SUFFIX,frontier100-toutiao-lf.fqnovel.com
  - DOMAIN-SUFFIX,g.koowo.com
  - DOMAIN-SUFFIX,g.kuwo.cn
  - DOMAIN-SUFFIX,g.sdk.look.360.cn
  - DOMAIN-SUFFIX,g.wan.2345.com
  - DOMAIN-SUFFIX,g1.tagtic.cn
  - DOMAIN-SUFFIX,gdt.qq.com
  - DOMAIN-SUFFIX,gemini.yahoo.com
  - DOMAIN-SUFFIX,geo.yahoo.com
  - DOMAIN-SUFFIX,gg.stargame.com
  - DOMAIN-SUFFIX,go-mpulse
  - DOMAIN-SUFFIX,go-mpulse.net
  - DOMAIN-SUFFIX,go.xxxjmp.com
  - DOMAIN-SUFFIX,googleadsserving.cn
  - DOMAIN-SUFFIX,growingio.com
  - DOMAIN-SUFFIX,hotchat-im.iqiyi.com
  - DOMAIN-SUFFIX,houtai.2345.cn
  - DOMAIN-SUFFIX,huodong.ios.shouji.360.cn
  - DOMAIN-SUFFIX,hyperos.developer.xiaomi.com
  - DOMAIN-SUFFIX,i.clkservice.youdao.com
  - DOMAIN-SUFFIX,iad.g.163.com
  - DOMAIN-SUFFIX,iadsdk.apple.com
  - DOMAIN-SUFFIX,idm.api.io.mi.com
  - DOMAIN-SUFFIX,idm.bce.baidu.com
  - DOMAIN-SUFFIX,iis3g.deliver.ifeng.com
  - DOMAIN-SUFFIX,image.gentags.com
  - DOMAIN-SUFFIX,ime.sogou.com
  - DOMAIN-SUFFIX,img.adbox.sina.com.cn
  - DOMAIN-SUFFIX,img.amp.ad.sina.com.cn
  - DOMAIN-SUFFIX,imp.optaim.com
  - DOMAIN-SUFFIX,in.appcenter.ms
  - DOMAIN-SUFFIX,ini.update.360safe.com
  - DOMAIN-SUFFIX,irs01.com
  - DOMAIN-SUFFIX,ixav-cse.avlyun.com
  - DOMAIN-SUFFIX,jifen.2345.cn
  - DOMAIN-SUFFIX,jifendownload.2345.cn
  - DOMAIN-SUFFIX,js-apac-ss.ysm.yahoo.com
  - DOMAIN-SUFFIX,jupiter.sys.miui.com
  - DOMAIN-SUFFIX,jyd.fjzdmy.com
  - DOMAIN-SUFFIX,kochava.com
  - DOMAIN-SUFFIX,kwflvcdn.000dn.com
  - DOMAIN-SUFFIX,lbszb.tongbu.com
  - DOMAIN-SUFFIX,lby2kd27c.com
  - DOMAIN-SUFFIX,lianmeng.360.cn
  - DOMAIN-SUFFIX,livep.l.qq.com
  - DOMAIN-SUFFIX,lives.l.qq.com
  - DOMAIN-SUFFIX,livew.l.qq.com
  - DOMAIN-SUFFIX,locdrop.query.yahoo.com
  - DOMAIN-SUFFIX,log.aliyuncs.com
  - DOMAIN-SUFFIX,log.avlyun.sec.intl.miui.com
  - DOMAIN-SUFFIX,log.interest.mix.sina.com.cn
  - DOMAIN-SUFFIX,log.kuwo.cn
  - DOMAIN-SUFFIX,log.mix.sina.com.cn
  - DOMAIN-SUFFIX,log.outbrain.com
  - DOMAIN-SUFFIX,log.v2.hunantv.com
  - DOMAIN-SUFFIX,logic.cpm.cm.kankan.com
  - DOMAIN-SUFFIX,m.12306media.com
  - DOMAIN-SUFFIX,m.clkservice.youdao.com
  - DOMAIN-SUFFIX,m.game.weibo.cn
  - DOMAIN-SUFFIX,m.ourlj.com
  - DOMAIN-SUFFIX,m.txtxr.com
  - DOMAIN-SUFFIX,m.vsxet.com
  - DOMAIN-SUFFIX,m.yap.yahoo.com
  - DOMAIN-SUFFIX,macime.sogou.com
  - DOMAIN-SUFFIX,magsrv.com
  - DOMAIN-SUFFIX,marketo.com
  - DOMAIN-SUFFIX,mazu.sec.miui.com
  - DOMAIN-SUFFIX,mcdn.bilivideo.cn
  - DOMAIN-SUFFIX,me.videojj.com
  - DOMAIN-SUFFIX,metricswpsh.com
  - DOMAIN-SUFFIX,mfp.deliver.ifeng.com
  - DOMAIN-SUFFIX,mi.gdt.qq.com
  - DOMAIN-SUFFIX,miav-cse.avlyun.com
  - DOMAIN-SUFFIX,mini.cpc.sogou.com
  - DOMAIN-SUFFIX,minipage.2345.cn
  - DOMAIN-SUFFIX,miui-fxcse.avlyun.com
  - DOMAIN-SUFFIX,mmstat.com
  - DOMAIN-SUFFIX,mon11-misc-hl.fqnovel.com
  - DOMAIN-SUFFIX,motu.p4p.sina.com.cn
  - DOMAIN-SUFFIX,mp4.res.hunantv.com
  - DOMAIN-SUFFIX,msg.71.am
  - DOMAIN-SUFFIX,msga.cupid.iqiyi.com
  - DOMAIN-SUFFIX,mssdk.volces.com
  - DOMAIN-SUFFIX,mtrace.qq.com
  - DOMAIN-SUFFIX,news.l.qq.com
  - DOMAIN-SUFFIX,nl.notice.iqiyi.com
  - DOMAIN-SUFFIX,noxagile.duapp.com
  - DOMAIN-SUFFIX,omgmta1.qq.com
  - DOMAIN-SUFFIX,open.kuaishouzt.com
  - DOMAIN-SUFFIX,open.kwaizt.com
  - DOMAIN-SUFFIX,ozone.10jqka.com.cn
  - DOMAIN-SUFFIX,p.clkservice.youdao.com
  - DOMAIN-SUFFIX,p.l.qq.com
  - DOMAIN-SUFFIX,p.l.ykimg.com
  - DOMAIN-SUFFIX,p.l.youku.com
  - DOMAIN-SUFFIX,p.tencentmind.com
  - DOMAIN-SUFFIX,p.vq6nsu.cn
  - DOMAIN-SUFFIX,p3p.yahoo.com
  - DOMAIN-SUFFIX,partnerads.ysm.yahoo.com
  - DOMAIN-SUFFIX,pdown.stat.360safe.com
  - DOMAIN-SUFFIX,pemsrv.com
  - DOMAIN-SUFFIX,pgdt.ugdtimg.com
  - DOMAIN-SUFFIX,pglstatp-toutiao.com
  - DOMAIN-SUFFIX,pinyin.sogou.com
  - DOMAIN-SUFFIX,pixel.wp.com
  - DOMAIN-SUFFIX,plat.videojj.com
  - DOMAIN-SUFFIX,porn.to
  - DOMAIN-SUFFIX,ps.dev.360.cn
  - DOMAIN-SUFFIX,ptcdwm.com
  - DOMAIN-SUFFIX,pull-flv-l11.douyincdn.com
  - DOMAIN-SUFFIX,pv.alert.autohome.com.cn
  - DOMAIN-SUFFIX,pv.hd.sohu.com
  - DOMAIN-SUFFIX,pv.sohu.com
  - DOMAIN-SUFFIX,pv.xcar.com.cn
  - DOMAIN-SUFFIX,qsb.browser.miui.srv
  - DOMAIN-SUFFIX,quanliyouxi.cn
  - DOMAIN-SUFFIX,quantcount.com
  - DOMAIN-SUFFIX,quantserve.com
  - DOMAIN-SUFFIX,r.dmp.sina.cn
  - DOMAIN-SUFFIX,r.l.youku.com
  - DOMAIN-SUFFIX,rcgi.video.qq.com
  - DOMAIN-SUFFIX,rd.ane.yahoo.co.jp
  - DOMAIN-SUFFIX,rd.wan.360.cn
  - DOMAIN-SUFFIX,rec.g.163.com
  - DOMAIN-SUFFIX,referee.xiaohongshu.com
  - DOMAIN-SUFFIX,rjgw.theta.sogou.com
  - DOMAIN-SUFFIX,rom.pt.miui.srv
  - DOMAIN-SUFFIX,rs.sinajs.cn
  - DOMAIN-SUFFIX,rtbasia.com
  - DOMAIN-SUFFIX,rtbrenab.com
  - DOMAIN-SUFFIX,s.360.cn
  - DOMAIN-SUFFIX,s.alitui.weibo.com
  - DOMAIN-SUFFIX,s.clkservice.youdao.com
  - DOMAIN-SUFFIX,s.cpro.baidu.com
  - DOMAIN-SUFFIX,s.zampdsp.com
  - DOMAIN-SUFFIX,sbeacon.sina.com.cn
  - DOMAIN-SUFFIX,scorecardresearch.com
  - DOMAIN-SUFFIX,sdk.api.gamex.mobile.youku.com
  - DOMAIN-SUFFIX,sdk.cferw.com
  - DOMAIN-SUFFIX,sdkconf.avlyun.com
  - DOMAIN-SUFFIX,sec.sginput.qq.com
  - DOMAIN-SUFFIX,segment.com
  - DOMAIN-SUFFIX,shouji.360.cn
  - DOMAIN-SUFFIX,shouji.sogou.com
  - DOMAIN-SUFFIX,show.re.taobao.com
  - DOMAIN-SUFFIX,shrek.6.cn
  - DOMAIN-SUFFIX,song.fanxing.kugou.com
  - DOMAIN-SUFFIX,stadig.ifeng.com
  - DOMAIN-SUFFIX,stat.ws.126.net
  - DOMAIN-SUFFIX,static.ts.360.com
  - DOMAIN-SUFFIX,staticadm.leju.sina.com.cn
  - DOMAIN-SUFFIX,statsigapi.net
  - DOMAIN-SUFFIX,store.videojj.com
  - DOMAIN-SUFFIX,stripchat.com
  - DOMAIN-SUFFIX,strp.chat
  - DOMAIN-SUFFIX,sugar.zhihu.com
  - DOMAIN-SUFFIX,sutraf.com
  - DOMAIN-SUFFIX,szbdyd.com
  - DOMAIN-SUFFIX,t.l.qq.com
  - DOMAIN-SUFFIX,talkingdata.com
  - DOMAIN-SUFFIX,talkingdata.net
  - DOMAIN-SUFFIX,taps.net
  - DOMAIN-SUFFIX,tf.360.cn
  - DOMAIN-SUFFIX,tg.jifen.2345.com
  - DOMAIN-SUFFIX,tmfsdk.m.qq.com
  - DOMAIN-SUFFIX,tmfsdktcp.m.qq.com
  - DOMAIN-SUFFIX,tnc3-aliec2.zijieapi.com
  - DOMAIN-SUFFIX,tnc3-alisc1.zijieapi.com
  - DOMAIN-SUFFIX,tnc3-bjlgy.zijieapi.com
  - DOMAIN-SUFFIX,tns.simba.taobao.com
  - DOMAIN-SUFFIX,tob-cms.bj.bcebos.com
  - DOMAIN-SUFFIX,tobapplog.ctobsnssdk.com
  - DOMAIN-SUFFIX,tobapplog.volceapplog.com
  - DOMAIN-SUFFIX,toblog.volceapplog.com
  - DOMAIN-SUFFIX,topcams.tv
  - DOMAIN-SUFFIX,trace.qq.com
  - DOMAIN-SUFFIX,track.hujiang.com
  - DOMAIN-SUFFIX,track.uc.cn
  - DOMAIN-SUFFIX,tracker.appadhoc.com
  - DOMAIN-SUFFIX,tracking.miui.com
  - DOMAIN-SUFFIX,tuia.cn
  - DOMAIN-SUFFIX,tz.sec.xiaomi.com
  - DOMAIN-SUFFIX,ujscdn.com
  - DOMAIN-SUFFIX,uop.umeng.com
  - DOMAIN-SUFFIX,update.minipage.2345.com
  - DOMAIN-SUFFIX,urchin.lstat.youku.com
  - DOMAIN-SUFFIX,us-c.viayoo.com
  - DOMAIN-SUFFIX,utrack.hexun.com
  - DOMAIN-SUFFIX,v.l.youku.com
  - DOMAIN-SUFFIX,v1.log.moji.com
  - DOMAIN-SUFFIX,va.videojj.com
  - DOMAIN-SUFFIX,vcloud.ks-live.com
  - DOMAIN-SUFFIX,vcmdiawe.com
  - DOMAIN-SUFFIX,video.ktkjmp.com
  - DOMAIN-SUFFIX,virus-engine.sec.miui.com
  - DOMAIN-SUFFIX,vqq.admaster.com.cn
  - DOMAIN-SUFFIX,vv84.bj.bcebos.com
  - DOMAIN-SUFFIX,wan.2345.cn
  - DOMAIN-SUFFIX,webstat.kuwo.cn
  - DOMAIN-SUFFIX,wenku-cms.bj.bcebos.com
  - DOMAIN-SUFFIX,ws.progrss.yahoo.com
  - DOMAIN-SUFFIX,x.da.hunantv.com
  - DOMAIN-SUFFIX,x1.da.hunantv.com
  - DOMAIN-SUFFIX,xlmc.sec.miui.com
  - DOMAIN-SUFFIX,xp.apple.com
  - DOMAIN-SUFFIX,xpe.cxaerp.com
  - DOMAIN-SUFFIX,xs.houyi.baofeng.net
  - DOMAIN-SUFFIX,y.da.hunantv.com
  - DOMAIN-SUFFIX,ybp.yahoo.com
  - DOMAIN-SUFFIX,yomeno.xyz
  - DOMAIN-SUFFIX,youtube.112.2o7.net
  - DOMAIN-SUFFIX,zc.biz.weibo.com
  - DOMAIN-SUFFIX,zhihu-web-analytics.zhihu.com
  - DOMAIN-SUFFIX,zhushou.2345.cn
  - DOMAIN-SUFFIX,zog.link
  - DOMAIN-SUFFIX,zz.bdstatic.com
  - DOMAIN-SUFFIX,zzy1.quyaoya.com
  - DOMAIN,is.snssdk.com
  - DOMAIN,mercury.jd.com
  - DOMAIN,sf3-ttcdn-tos.pstatp.com
  - IP-CIDR,124.222.170.76/32,no-resolve
  - PROCESS-NAME,com.miui.guardprovider
  - PROCESS-NAME,PixPin.exe
  - PROCESS-NAME,SogouInput
  - PROCESS-NAME,SogouServices
  - PROCESS-NAME,SogouTaskManager
  - PROCESS-NAME,uTools.exe